
Microsoft Visual Studio Solution File, Format Version 12.00
# Visual Studio Version 17
VisualStudioVersion = 17.10.35027.167
MinimumVisualStudioVersion = 10.0.40219.1
Project("{2150E333-8FDC-42A3-9474-1A3956D46DE8}") = "Solution Items", "Solution Items", "{6589EAFF-A99D-4E51-93AD-BDB9C6DF8B6B}"
	ProjectSection(SolutionItems) = preProject
		.env = .env
		docker-compose.yml = docker-compose.yml
	EndProjectSection
EndProject
Project("{2150E333-8FDC-42A3-9474-1A3956D46DE8}") = "RabbitMQ", "RabbitMQ", "{9F2DD91C-6121-42FD-9F89-5AE181E58957}"
EndProject
Project("{9A19103F-16F7-4668-BE54-9A1E7A4F7556}") = "RabbitMqInitializer", "RabbitMQ\RabbitMqInitializer\RabbitMqInitializer.csproj", "{0AA94D6B-910B-4EA8-BF59-13BA5A6C22CC}"
EndProject
Project("{2150E333-8FDC-42A3-9474-1A3956D46DE8}") = "Gateway", "Gateway", "{B6392BC9-907D-4F85-B314-57207FD8EC0C}"
EndProject
Project("{9A19103F-16F7-4668-BE54-9A1E7A4F7556}") = "ApiGateway", "ApiGateway\ApiGateway.csproj", "{01EF6CFE-58E9-421D-8D0C-5F7EC22CD83A}"
EndProject
Project("{9A19103F-16F7-4668-BE54-9A1E7A4F7556}") = "BuildingBlocks.Applictaion", "BuildingBlocks\BuildingBlocks.Applictaion\BuildingBlocks.Applictaion.csproj", "{70D2E89F-EA06-4636-B58E-BFE015E86E7E}"
EndProject
Project("{9A19103F-16F7-4668-BE54-9A1E7A4F7556}") = "BuildingBlocks.Domain", "BuildingBlocks\BuildingBlocks.Domain\BuildingBlocks.Domain.csproj", "{A63BE12C-D71D-4826-BCD5-7899F9D447AD}"
EndProject
Project("{9A19103F-16F7-4668-BE54-9A1E7A4F7556}") = "BuildingBlocks.Resources", "BuildingBlocks\BuildingBlocks.Resources\BuildingBlocks.Resources.csproj", "{A15427DD-A489-4E74-B974-1391BFDC69F4}"
EndProject
Project("{9A19103F-16F7-4668-BE54-9A1E7A4F7556}") = "Banking.Application", "Banking\Banking.Application\Banking.Application.csproj", "{E6051B15-9DF1-4050-85EB-AF62753D9DC0}"
EndProject
Project("{9A19103F-16F7-4668-BE54-9A1E7A4F7556}") = "Banking.Domain", "Banking\Banking.Domain\Banking.Domain.csproj", "{2FE66136-4D31-43D3-BDA3-82BFA9FF5719}"
EndProject
Project("{2150E333-8FDC-42A3-9474-1A3956D46DE8}") = "Banking", "Banking", "{4BBD67CC-025D-4BD0-99A9-85DBEE2F343D}"
EndProject
Project("{2150E333-8FDC-42A3-9474-1A3956D46DE8}") = "BuildingBlocks", "BuildingBlocks", "{52DD8C9D-E8EE-42DF-98E0-10CDF8AE92F7}"
EndProject
Project("{2150E333-8FDC-42A3-9474-1A3956D46DE8}") = "Games", "Games", "{94174B7B-03A0-4B4D-9290-ACD66CB31EC2}"
EndProject
Project("{9A19103F-16F7-4668-BE54-9A1E7A4F7556}") = "Games.Api", "Games\Games.Api\Games.Api.csproj", "{67478A4A-F018-452A-BACA-300E7AECE17C}"
EndProject
Project("{9A19103F-16F7-4668-BE54-9A1E7A4F7556}") = "Games.Application", "Games\Games.Application\Games.Application.csproj", "{AB623027-7A37-46D9-AAFC-C1B37BF268E4}"
EndProject
Project("{9A19103F-16F7-4668-BE54-9A1E7A4F7556}") = "Games.Domain", "Games\Games.Domain\Games.Domain.csproj", "{6AFB990E-4FF0-40FD-9EFB-C40D8E0EA610}"
EndProject
Project("{9A19103F-16F7-4668-BE54-9A1E7A4F7556}") = "Games.Persistence", "Games\Games.Persistence\Games.Persistence.csproj", "{B186D615-9E3F-4A4E-96D6-8E1669842749}"
EndProject
Project("{2150E333-8FDC-42A3-9474-1A3956D46DE8}") = "Users", "Users", "{0BF590BE-657F-48C5-AA53-642FB65425D3}"
EndProject
Project("{9A19103F-16F7-4668-BE54-9A1E7A4F7556}") = "Users.Api", "Users\Users.Api\Users.Api.csproj", "{4E8A8052-D987-46CC-AA16-A60356FAA01A}"
EndProject
Project("{9A19103F-16F7-4668-BE54-9A1E7A4F7556}") = "Users.Application", "Users\Users.Application\Users.Application.csproj", "{61E19B53-D63E-41F8-95D3-7A4D331118F4}"
EndProject
Project("{9A19103F-16F7-4668-BE54-9A1E7A4F7556}") = "Users.Domain", "Users\Users.Domain\Users.Domain.csproj", "{6501240A-E3E1-4373-87F9-279422FDAF70}"
EndProject
Project("{9A19103F-16F7-4668-BE54-9A1E7A4F7556}") = "Users.Infrastructure", "Users\Users.Infrastructure\Users.Infrastructure.csproj", "{00CBA44C-AF37-41DE-A66C-20DCA8D14A15}"
EndProject
Project("{9A19103F-16F7-4668-BE54-9A1E7A4F7556}") = "Users.Persistence", "Users\Users.Persistence\Users.Persistence.csproj", "{EADDDFEF-B497-4B7F-A929-630F1C64E1F9}"
EndProject
Project("{2150E333-8FDC-42A3-9474-1A3956D46DE8}") = "Transactions", "Transactions", "{CD604FB2-469C-4074-829D-E0BDFB49788D}"
EndProject
Project("{9A19103F-16F7-4668-BE54-9A1E7A4F7556}") = "Transactions.Api", "Transactions\Transactions.Api\Transactions.Api.csproj", "{CE4520E4-D562-4C4E-8CF2-5118EF7B12F9}"
EndProject
Project("{9A19103F-16F7-4668-BE54-9A1E7A4F7556}") = "Transactions.Application", "Transactions\Transactions.Application\Transactions.Application.csproj", "{D5DB9996-E41A-457D-BFCB-721B7521C7B0}"
EndProject
Project("{9A19103F-16F7-4668-BE54-9A1E7A4F7556}") = "Transactions.Domain", "Transactions\Transactions.Domain\Transactions.Domain.csproj", "{B4EDB40B-4C6D-4EBF-B85F-CFBB9E3C8B68}"
EndProject
Project("{9A19103F-16F7-4668-BE54-9A1E7A4F7556}") = "Transactions.Infrastructure", "Transactions\Transactions.Infrastructure\Transactions.Infrastructure.csproj", "{EEB8B12D-E4DF-4592-A761-D88C5C39A8FE}"
EndProject
Project("{9A19103F-16F7-4668-BE54-9A1E7A4F7556}") = "Transactions.Persistance", "Transactions\Transactions.Persistance\Transactions.Persistance.csproj", "{B59C73E5-D6FC-4418-80E3-129F30F2A2F2}"
EndProject
Global
	GlobalSection(SolutionConfigurationPlatforms) = preSolution
		Debug|Any CPU = Debug|Any CPU
		Release|Any CPU = Release|Any CPU
	EndGlobalSection
	GlobalSection(ProjectConfigurationPlatforms) = postSolution
		{0AA94D6B-910B-4EA8-BF59-13BA5A6C22CC}.Debug|Any CPU.ActiveCfg = Debug|Any CPU
		{0AA94D6B-910B-4EA8-BF59-13BA5A6C22CC}.Debug|Any CPU.Build.0 = Debug|Any CPU
		{0AA94D6B-910B-4EA8-BF59-13BA5A6C22CC}.Release|Any CPU.ActiveCfg = Release|Any CPU
		{0AA94D6B-910B-4EA8-BF59-13BA5A6C22CC}.Release|Any CPU.Build.0 = Release|Any CPU
		{01EF6CFE-58E9-421D-8D0C-5F7EC22CD83A}.Debug|Any CPU.ActiveCfg = Debug|Any CPU
		{01EF6CFE-58E9-421D-8D0C-5F7EC22CD83A}.Debug|Any CPU.Build.0 = Debug|Any CPU
		{01EF6CFE-58E9-421D-8D0C-5F7EC22CD83A}.Release|Any CPU.ActiveCfg = Release|Any CPU
		{01EF6CFE-58E9-421D-8D0C-5F7EC22CD83A}.Release|Any CPU.Build.0 = Release|Any CPU
		{70D2E89F-EA06-4636-B58E-BFE015E86E7E}.Debug|Any CPU.ActiveCfg = Debug|Any CPU
		{70D2E89F-EA06-4636-B58E-BFE015E86E7E}.Debug|Any CPU.Build.0 = Debug|Any CPU
		{70D2E89F-EA06-4636-B58E-BFE015E86E7E}.Release|Any CPU.ActiveCfg = Release|Any CPU
		{70D2E89F-EA06-4636-B58E-BFE015E86E7E}.Release|Any CPU.Build.0 = Release|Any CPU
		{A63BE12C-D71D-4826-BCD5-7899F9D447AD}.Debug|Any CPU.ActiveCfg = Debug|Any CPU
		{A63BE12C-D71D-4826-BCD5-7899F9D447AD}.Debug|Any CPU.Build.0 = Debug|Any CPU
		{A63BE12C-D71D-4826-BCD5-7899F9D447AD}.Release|Any CPU.ActiveCfg = Release|Any CPU
		{A63BE12C-D71D-4826-BCD5-7899F9D447AD}.Release|Any CPU.Build.0 = Release|Any CPU
		{A15427DD-A489-4E74-B974-1391BFDC69F4}.Debug|Any CPU.ActiveCfg = Debug|Any CPU
		{A15427DD-A489-4E74-B974-1391BFDC69F4}.Debug|Any CPU.Build.0 = Debug|Any CPU
		{A15427DD-A489-4E74-B974-1391BFDC69F4}.Release|Any CPU.ActiveCfg = Release|Any CPU
		{A15427DD-A489-4E74-B974-1391BFDC69F4}.Release|Any CPU.Build.0 = Release|Any CPU
		{E6051B15-9DF1-4050-85EB-AF62753D9DC0}.Debug|Any CPU.ActiveCfg = Debug|Any CPU
		{E6051B15-9DF1-4050-85EB-AF62753D9DC0}.Debug|Any CPU.Build.0 = Debug|Any CPU
		{E6051B15-9DF1-4050-85EB-AF62753D9DC0}.Release|Any CPU.ActiveCfg = Release|Any CPU
		{E6051B15-9DF1-4050-85EB-AF62753D9DC0}.Release|Any CPU.Build.0 = Release|Any CPU
		{2FE66136-4D31-43D3-BDA3-82BFA9FF5719}.Debug|Any CPU.ActiveCfg = Debug|Any CPU
		{2FE66136-4D31-43D3-BDA3-82BFA9FF5719}.Debug|Any CPU.Build.0 = Debug|Any CPU
		{2FE66136-4D31-43D3-BDA3-82BFA9FF5719}.Release|Any CPU.ActiveCfg = Release|Any CPU
		{2FE66136-4D31-43D3-BDA3-82BFA9FF5719}.Release|Any CPU.Build.0 = Release|Any CPU
		{67478A4A-F018-452A-BACA-300E7AECE17C}.Debug|Any CPU.ActiveCfg = Debug|Any CPU
		{67478A4A-F018-452A-BACA-300E7AECE17C}.Debug|Any CPU.Build.0 = Debug|Any CPU
		{67478A4A-F018-452A-BACA-300E7AECE17C}.Release|Any CPU.ActiveCfg = Release|Any CPU
		{67478A4A-F018-452A-BACA-300E7AECE17C}.Release|Any CPU.Build.0 = Release|Any CPU
		{AB623027-7A37-46D9-AAFC-C1B37BF268E4}.Debug|Any CPU.ActiveCfg = Debug|Any CPU
		{AB623027-7A37-46D9-AAFC-C1B37BF268E4}.Debug|Any CPU.Build.0 = Debug|Any CPU
		{AB623027-7A37-46D9-AAFC-C1B37BF268E4}.Release|Any CPU.ActiveCfg = Release|Any CPU
		{AB623027-7A37-46D9-AAFC-C1B37BF268E4}.Release|Any CPU.Build.0 = Release|Any CPU
		{6AFB990E-4FF0-40FD-9EFB-C40D8E0EA610}.Debug|Any CPU.ActiveCfg = Debug|Any CPU
		{6AFB990E-4FF0-40FD-9EFB-C40D8E0EA610}.Debug|Any CPU.Build.0 = Debug|Any CPU
		{6AFB990E-4FF0-40FD-9EFB-C40D8E0EA610}.Release|Any CPU.ActiveCfg = Release|Any CPU
		{6AFB990E-4FF0-40FD-9EFB-C40D8E0EA610}.Release|Any CPU.Build.0 = Release|Any CPU
		{B186D615-9E3F-4A4E-96D6-8E1669842749}.Debug|Any CPU.ActiveCfg = Debug|Any CPU
		{B186D615-9E3F-4A4E-96D6-8E1669842749}.Debug|Any CPU.Build.0 = Debug|Any CPU
		{B186D615-9E3F-4A4E-96D6-8E1669842749}.Release|Any CPU.ActiveCfg = Release|Any CPU
		{B186D615-9E3F-4A4E-96D6-8E1669842749}.Release|Any CPU.Build.0 = Release|Any CPU
		{4E8A8052-D987-46CC-AA16-A60356FAA01A}.Debug|Any CPU.ActiveCfg = Debug|Any CPU
		{4E8A8052-D987-46CC-AA16-A60356FAA01A}.Debug|Any CPU.Build.0 = Debug|Any CPU
		{4E8A8052-D987-46CC-AA16-A60356FAA01A}.Release|Any CPU.ActiveCfg = Release|Any CPU
		{4E8A8052-D987-46CC-AA16-A60356FAA01A}.Release|Any CPU.Build.0 = Release|Any CPU
		{61E19B53-D63E-41F8-95D3-7A4D331118F4}.Debug|Any CPU.ActiveCfg = Debug|Any CPU
		{61E19B53-D63E-41F8-95D3-7A4D331118F4}.Debug|Any CPU.Build.0 = Debug|Any CPU
		{61E19B53-D63E-41F8-95D3-7A4D331118F4}.Release|Any CPU.ActiveCfg = Release|Any CPU
		{61E19B53-D63E-41F8-95D3-7A4D331118F4}.Release|Any CPU.Build.0 = Release|Any CPU
		{6501240A-E3E1-4373-87F9-279422FDAF70}.Debug|Any CPU.ActiveCfg = Debug|Any CPU
		{6501240A-E3E1-4373-87F9-279422FDAF70}.Debug|Any CPU.Build.0 = Debug|Any CPU
		{6501240A-E3E1-4373-87F9-279422FDAF70}.Release|Any CPU.ActiveCfg = Release|Any CPU
		{6501240A-E3E1-4373-87F9-279422FDAF70}.Release|Any CPU.Build.0 = Release|Any CPU
		{00CBA44C-AF37-41DE-A66C-20DCA8D14A15}.Debug|Any CPU.ActiveCfg = Debug|Any CPU
		{00CBA44C-AF37-41DE-A66C-20DCA8D14A15}.Debug|Any CPU.Build.0 = Debug|Any CPU
		{00CBA44C-AF37-41DE-A66C-20DCA8D14A15}.Release|Any CPU.ActiveCfg = Release|Any CPU
		{00CBA44C-AF37-41DE-A66C-20DCA8D14A15}.Release|Any CPU.Build.0 = Release|Any CPU
		{EADDDFEF-B497-4B7F-A929-630F1C64E1F9}.Debug|Any CPU.ActiveCfg = Debug|Any CPU
		{EADDDFEF-B497-4B7F-A929-630F1C64E1F9}.Debug|Any CPU.Build.0 = Debug|Any CPU
		{EADDDFEF-B497-4B7F-A929-630F1C64E1F9}.Release|Any CPU.ActiveCfg = Release|Any CPU
		{EADDDFEF-B497-4B7F-A929-630F1C64E1F9}.Release|Any CPU.Build.0 = Release|Any CPU
		{CE4520E4-D562-4C4E-8CF2-5118EF7B12F9}.Debug|Any CPU.ActiveCfg = Debug|Any CPU
		{CE4520E4-D562-4C4E-8CF2-5118EF7B12F9}.Debug|Any CPU.Build.0 = Debug|Any CPU
		{CE4520E4-D562-4C4E-8CF2-5118EF7B12F9}.Release|Any CPU.ActiveCfg = Release|Any CPU
		{CE4520E4-D562-4C4E-8CF2-5118EF7B12F9}.Release|Any CPU.Build.0 = Release|Any CPU
		{D5DB9996-E41A-457D-BFCB-721B7521C7B0}.Debug|Any CPU.ActiveCfg = Debug|Any CPU
		{D5DB9996-E41A-457D-BFCB-721B7521C7B0}.Debug|Any CPU.Build.0 = Debug|Any CPU
		{D5DB9996-E41A-457D-BFCB-721B7521C7B0}.Release|Any CPU.ActiveCfg = Release|Any CPU
		{D5DB9996-E41A-457D-BFCB-721B7521C7B0}.Release|Any CPU.Build.0 = Release|Any CPU
		{B4EDB40B-4C6D-4EBF-B85F-CFBB9E3C8B68}.Debug|Any CPU.ActiveCfg = Debug|Any CPU
		{B4EDB40B-4C6D-4EBF-B85F-CFBB9E3C8B68}.Debug|Any CPU.Build.0 = Debug|Any CPU
		{B4EDB40B-4C6D-4EBF-B85F-CFBB9E3C8B68}.Release|Any CPU.ActiveCfg = Release|Any CPU
		{B4EDB40B-4C6D-4EBF-B85F-CFBB9E3C8B68}.Release|Any CPU.Build.0 = Release|Any CPU
		{EEB8B12D-E4DF-4592-A761-D88C5C39A8FE}.Debug|Any CPU.ActiveCfg = Debug|Any CPU
		{EEB8B12D-E4DF-4592-A761-D88C5C39A8FE}.Debug|Any CPU.Build.0 = Debug|Any CPU
		{EEB8B12D-E4DF-4592-A761-D88C5C39A8FE}.Release|Any CPU.ActiveCfg = Release|Any CPU
		{EEB8B12D-E4DF-4592-A761-D88C5C39A8FE}.Release|Any CPU.Build.0 = Release|Any CPU
		{B59C73E5-D6FC-4418-80E3-129F30F2A2F2}.Debug|Any CPU.ActiveCfg = Debug|Any CPU
		{B59C73E5-D6FC-4418-80E3-129F30F2A2F2}.Debug|Any CPU.Build.0 = Debug|Any CPU
		{B59C73E5-D6FC-4418-80E3-129F30F2A2F2}.Release|Any CPU.ActiveCfg = Release|Any CPU
		{B59C73E5-D6FC-4418-80E3-129F30F2A2F2}.Release|Any CPU.Build.0 = Release|Any CPU
	EndGlobalSection
	GlobalSection(SolutionProperties) = preSolution
		HideSolutionNode = FALSE
	EndGlobalSection
	GlobalSection(NestedProjects) = preSolution
		{0AA94D6B-910B-4EA8-BF59-13BA5A6C22CC} = {9F2DD91C-6121-42FD-9F89-5AE181E58957}
		{01EF6CFE-58E9-421D-8D0C-5F7EC22CD83A} = {B6392BC9-907D-4F85-B314-57207FD8EC0C}
		{70D2E89F-EA06-4636-B58E-BFE015E86E7E} = {52DD8C9D-E8EE-42DF-98E0-10CDF8AE92F7}
		{A63BE12C-D71D-4826-BCD5-7899F9D447AD} = {52DD8C9D-E8EE-42DF-98E0-10CDF8AE92F7}
		{A15427DD-A489-4E74-B974-1391BFDC69F4} = {52DD8C9D-E8EE-42DF-98E0-10CDF8AE92F7}
		{E6051B15-9DF1-4050-85EB-AF62753D9DC0} = {4BBD67CC-025D-4BD0-99A9-85DBEE2F343D}
		{2FE66136-4D31-43D3-BDA3-82BFA9FF5719} = {4BBD67CC-025D-4BD0-99A9-85DBEE2F343D}
		{67478A4A-F018-452A-BACA-300E7AECE17C} = {94174B7B-03A0-4B4D-9290-ACD66CB31EC2}
		{AB623027-7A37-46D9-AAFC-C1B37BF268E4} = {94174B7B-03A0-4B4D-9290-ACD66CB31EC2}
		{6AFB990E-4FF0-40FD-9EFB-C40D8E0EA610} = {94174B7B-03A0-4B4D-9290-ACD66CB31EC2}
		{B186D615-9E3F-4A4E-96D6-8E1669842749} = {94174B7B-03A0-4B4D-9290-ACD66CB31EC2}
		{4E8A8052-D987-46CC-AA16-A60356FAA01A} = {0BF590BE-657F-48C5-AA53-642FB65425D3}
		{61E19B53-D63E-41F8-95D3-7A4D331118F4} = {0BF590BE-657F-48C5-AA53-642FB65425D3}
		{6501240A-E3E1-4373-87F9-279422FDAF70} = {0BF590BE-657F-48C5-AA53-642FB65425D3}
		{00CBA44C-AF37-41DE-A66C-20DCA8D14A15} = {0BF590BE-657F-48C5-AA53-642FB65425D3}
		{EADDDFEF-B497-4B7F-A929-630F1C64E1F9} = {0BF590BE-657F-48C5-AA53-642FB65425D3}
		{CE4520E4-D562-4C4E-8CF2-5118EF7B12F9} = {CD604FB2-469C-4074-829D-E0BDFB49788D}
		{D5DB9996-E41A-457D-BFCB-721B7521C7B0} = {CD604FB2-469C-4074-829D-E0BDFB49788D}
		{B4EDB40B-4C6D-4EBF-B85F-CFBB9E3C8B68} = {CD604FB2-469C-4074-829D-E0BDFB49788D}
		{EEB8B12D-E4DF-4592-A761-D88C5C39A8FE} = {CD604FB2-469C-4074-829D-E0BDFB49788D}
		{B59C73E5-D6FC-4418-80E3-129F30F2A2F2} = {CD604FB2-469C-4074-829D-E0BDFB49788D}
	EndGlobalSection
	GlobalSection(ExtensibilityGlobals) = postSolution
		SolutionGuid = {2481C55E-DA31-483A-9249-52C986E182D7}
	EndGlobalSection
EndGlobal
